{
  "nodes": {
    "colors": {
      "locked": {
        "lastModified": 1764250136,
        "narHash": "sha256-iPbx+i07Xa0vSabq/ssWFKimV83QNq0xL8vbwmlpWGo=",
        "path": "/home/vrm/Projects/colors",
        "type": "path"
      },
      "original": {
        "path": "/home/vrm/Projects/colors",
        "type": "path"
      }
    },
    "root": {
      "inputs": {
        "colors": "colors"
      }
    }
  },
  "root": "root",
  "version": 7
}
